
Microsoft Visual Studio Solution File, Format Version 12.00
# Visual Studio 14
VisualStudioVersion = 14.0.25420.1
MinimumVisualStudioVersion = 10.0.40219.1
Project("{FAE04EC0-301F-11D3-BF4B-00C04F79EFBC}") = "CrisGisDoNet", "CrisGisDoNet\CrisGisDoNet.csproj", "{A7968B41-7F4A-4901-898A-F512D6C60C44}"
EndProject
Project("{FAE04EC0-301F-11D3-BF4B-00C04F79EFBC}") = "HDFOperator", "HDFOperator\HDFOperator.csproj", "{61D953A1-F499-4487-90A9-E7E1E605DD03}"
EndProject
Global
	GlobalSection(SolutionConfigurationPlatforms) = preSolution
		Debug|Any CPU = Debug|Any CPU
		Release|Any CPU = Release|Any CPU
	EndGlobalSection
	GlobalSection(ProjectConfigurationPlatforms) = postSolution
		{A7968B41-7F4A-4901-898A-F512D6C60C44}.Debug|Any CPU.ActiveCfg = Debug|Any CPU
		{A7968B41-7F4A-4901-898A-F512D6C60C44}.Debug|Any CPU.Build.0 = Debug|Any CPU
		{A7968B41-7F4A-4901-898A-F512D6C60C44}.Release|Any CPU.ActiveCfg = Release|Any CPU
		{A7968B41-7F4A-4901-898A-F512D6C60C44}.Release|Any CPU.Build.0 = Release|Any CPU
		{61D953A1-F499-4487-90A9-E7E1E605DD03}.Debug|Any CPU.ActiveCfg = Debug|Any CPU
		{61D953A1-F499-4487-90A9-E7E1E605DD03}.Debug|Any CPU.Build.0 = Debug|Any CPU
		{61D953A1-F499-4487-90A9-E7E1E605DD03}.Release|Any CPU.ActiveCfg = Release|Any CPU
		{61D953A1-F499-4487-90A9-E7E1E605DD03}.Release|Any CPU.Build.0 = Release|Any CPU
	EndGlobalSection
	GlobalSection(SolutionProperties) = preSolution
		HideSolutionNode = FALSE
	EndGlobalSection
EndGlobal
